
Microsoft Visual Studio Solution File, Format Version 12.00
# Visual Studio Version 16
VisualStudioVersion = 16.0.28803.202
MinimumVisualStudioVersion = 10.0.40219.1
Project("{FAE04EC0-301F-11D3-BF4B-00C04F79EFBC}") = "CB - Image Converter Metro", "CB - Image Converter Metro\CB - Image Converter Metro.csproj", "{CDB90702-B5A6-4F8D-A5A2-4B668141B681}"
EndProject
Project("{54435603-DBB4-11D2-8724-00A0C9A8B90C}") = "CB_Image_Converter_Metro_Setup", "CB_Image_Converter_Metro_Setup\CB_Image_Converter_Metro_Setup.vdproj", "{D25B7580-B52A-4F71-8864-CBA1BBF7447C}"
EndProject
Global
	GlobalSection(SolutionConfigurationPlatforms) = preSolution
		Debug|Any CPU = Debug|Any CPU
		Release|Any CPU = Release|Any CPU
	EndGlobalSection
	GlobalSection(ProjectConfigurationPlatforms) = postSolution
		{CDB90702-B5A6-4F8D-A5A2-4B668141B681}.Debug|Any CPU.ActiveCfg = Debug|Any CPU
		{CDB90702-B5A6-4F8D-A5A2-4B668141B681}.Debug|Any CPU.Build.0 = Debug|Any CPU
		{CDB90702-B5A6-4F8D-A5A2-4B668141B681}.Release|Any CPU.ActiveCfg = Release|Any CPU
		{CDB90702-B5A6-4F8D-A5A2-4B668141B681}.Release|Any CPU.Build.0 = Release|Any CPU
		{D25B7580-B52A-4F71-8864-CBA1BBF7447C}.Debug|Any CPU.ActiveCfg = Debug
		{D25B7580-B52A-4F71-8864-CBA1BBF7447C}.Release|Any CPU.ActiveCfg = Release
	EndGlobalSection
	GlobalSection(SolutionProperties) = preSolution
		HideSolutionNode = FALSE
	EndGlobalSection
	GlobalSection(ExtensibilityGlobals) = postSolution
		SolutionGuid = {8A45B71D-1E6E-480B-B40F-AB883F339DBB}
	EndGlobalSection
EndGlobal
